// !$*UTF8*$!
{
	archiveVersion = 1;
	classes = {
	};
	objectVersion = 56;
	objects = {

/* Begin PBXBuildFile section */
		19AD90FF70A4CCB84F88AE3E /* Pods_ShakhAssignment.framework in Frameworks */ = {isa = PBXBuildFile; fileRef = C6FEF8D1E21E913128954E79 /* Pods_ShakhAssignment.framework */; };
		F723932A2C5DF4A300549208 /* AppDelegate.swift in Sources */ = {isa = PBXBuildFile; fileRef = F72393292C5DF4A300549208 /* AppDelegate.swift */; };
		F723932C2C5DF4A300549208 /* SceneDelegate.swift in Sources */ = {isa = PBXBuildFile; fileRef = F723932B2C5DF4A300549208 /* SceneDelegate.swift */; };
		F723932E2C5DF4A300549208 /* ViewController.swift in Sources */ = {isa = PBXBuildFile; fileRef = F723932D2C5DF4A300549208 /* ViewController.swift */; };
		F72393312C5DF4A300549208 /* Main.storyboard in Resources */ = {isa = PBXBuildFile; fileRef = F723932F2C5DF4A300549208 /* Main.storyboard */; };
		F72393332C5DF4A400549208 /* Assets.xcassets in Resources */ = {isa = PBXBuildFile; fileRef = F72393322C5DF4A400549208 /* Assets.xcassets */; };
		F72393362C5DF4A400549208 /* LaunchScreen.storyboard in Resources */ = {isa = PBXBuildFile; fileRef = F72393342C5DF4A400549208 /* LaunchScreen.storyboard */; };
		F723933F2C5DF4DC00549208 /* reels.json in Resources */ = {isa = PBXBuildFile; fileRef = F723933E2C5DF4DC00549208 /* reels.json */; };
		F72393422C5DF54A00549208 /* ReelModel.swift in Sources */ = {isa = PBXBuildFile; fileRef = F72393412C5DF54A00549208 /* ReelModel.swift */; };
		F72393452C5DF5B200549208 /* ReelViewModel.swift in Sources */ = {isa = PBXBuildFile; fileRef = F72393442C5DF5B200549208 /* ReelViewModel.swift */; };
		F723934A2C5DFBE400549208 /* GridCell.swift in Sources */ = {isa = PBXBuildFile; fileRef = F72393482C5DFBE400549208 /* GridCell.swift */; };
		F723934B2C5DFBE400549208 /* GridCell.xib in Resources */ = {isa = PBXBuildFile; fileRef = F72393492C5DFBE400549208 /* GridCell.xib */; };
		F723934E2C5DFC7800549208 /* videoCell.swift in Sources */ = {isa = PBXBuildFile; fileRef = F723934C2C5DFC7800549208 /* videoCell.swift */; };
		F723934F2C5DFC7800549208 /* videoCell.xib in Resources */ = {isa = PBXBuildFile; fileRef = F723934D2C5DFC7800549208 /* videoCell.xib */; };
/* End PBXBuildFile section */

/* Begin PBXFileReference section */
		9A7807873151753E12F6833B /* Pods-ShakhAssignment.debug.xcconfig */ = {isa = PBXFileReference; includeInIndex = 1; lastKnownFileType = text.xcconfig; name = "Pods-ShakhAssignment.debug.xcconfig"; path = "Target Support Files/Pods-ShakhAssignment/Pods-ShakhAssignment.debug.xcconfig"; sourceTree = "<group>"; };
		B219EDA2C733D71697860EB1 /* Pods-ShakhAssignment.release.xcconfig */ = {isa = PBXFileReference; includeInIndex = 1; lastKnownFileType = text.xcconfig; name = "Pods-ShakhAssignment.release.xcconfig"; path = "Target Support Files/Pods-ShakhAssignment/Pods-ShakhAssignment.release.xcconfig"; sourceTree = "<group>"; };
		C6FEF8D1E21E913128954E79 /* Pods_ShakhAssignment.framework */ = {isa = PBXFileReference; explicitFileType = wrapper.framework; includeInIndex = 0; path = Pods_ShakhAssignment.framework; sourceTree = BUILT_PRODUCTS_DIR; };
		F72393262C5DF4A300549208 /* ShakhAssignment.app */ = {isa = PBXFileReference; explicitFileType = wrapper.application; includeInIndex = 0; path = ShakhAssignment.app; sourceTree = BUILT_PRODUCTS_DIR; };
		F72393292C5DF4A300549208 /* AppDelegate.swift */ = {isa = PBXFileReference; lastKnownFileType = sourcecode.swift; path = AppDelegate.swift; sourceTree = "<group>"; };
		F723932B2C5DF4A300549208 /* SceneDelegate.swift */ = {isa = PBXFileReference; lastKnownFileType = sourcecode.swift; path = SceneDelegate.swift; sourceTree = "<group>"; };
		F723932D2C5DF4A300549208 /* ViewController.swift */ = {isa = PBXFileReference; lastKnownFileType = sourcecode.swift; path = ViewController.swift; sourceTree = "<group>"; };
		F72393302C5DF4A300549208 /* Base */ = {isa = PBXFileReference; lastKnownFileType = file.storyboard; name = Base; path = Base.lproj/Main.storyboard; sourceTree = "<group>"; };
		F72393322C5DF4A400549208 /* Assets.xcassets */ = {isa = PBXFileReference; lastKnownFileType = folder.assetcatalog; path = Assets.xcassets; sourceTree = "<group>"; };
		F72393352C5DF4A400549208 /* Base */ = {isa = PBXFileReference; lastKnownFileType = file.storyboard; name = Base; path = Base.lproj/LaunchScreen.storyboard; sourceTree = "<group>"; };
		F72393372C5DF4A400549208 /* Info.plist */ = {isa = PBXFileReference; lastKnownFileType = text.plist.xml; path = Info.plist; sourceTree = "<group>"; };
		F723933E2C5DF4DC00549208 /* reels.json */ = {isa = PBXFileReference; fileEncoding = 4; lastKnownFileType = text.json; path = reels.json; sourceTree = "<group>"; };
		F72393412C5DF54A00549208 /* ReelModel.swift */ = {isa = PBXFileReference; lastKnownFileType = sourcecode.swift; path = ReelModel.swift; sourceTree = "<group>"; };
		F72393442C5DF5B200549208 /* ReelViewModel.swift */ = {isa = PBXFileReference; lastKnownFileType = sourcecode.swift; path = ReelViewModel.swift; sourceTree = "<group>"; };
		F72393482C5DFBE400549208 /* GridCell.swift */ = {isa = PBXFileReference; lastKnownFileType = sourcecode.swift; path = GridCell.swift; sourceTree = "<group>"; };
		F72393492C5DFBE400549208 /* GridCell.xib */ = {isa = PBXFileReference; lastKnownFileType = file.xib; path = GridCell.xib; sourceTree = "<group>"; };
		F723934C2C5DFC7800549208 /* videoCell.swift */ = {isa = PBXFileReference; lastKnownFileType = sourcecode.swift; path = videoCell.swift; sourceTree = "<group>"; };
		F723934D2C5DFC7800549208 /* videoCell.xib */ = {isa = PBXFileReference; lastKnownFileType = file.xib; path = videoCell.xib; sourceTree = "<group>"; };
/* End PBXFileReference section */

/* Begin PBXFrameworksBuildPhase section */
		F72393232C5DF4A300549208 /* Frameworks */ = {
			isa = PBXFrameworksBuildPhase;
			buildActionMask = 2147483647;
			files = (
				19AD90FF70A4CCB84F88AE3E /* Pods_ShakhAssignment.framework in Frameworks */,
			);
			runOnlyForDeploymentPostprocessing = 0;
		};
/* End PBXFrameworksBuildPhase section */

/* Begin PBXGroup section */
		039023A9C4F153E163E042C0 /* Frameworks */ = {
			isa = PBXGroup;
			children = (
				C6FEF8D1E21E913128954E79 /* Pods_ShakhAssignment.framework */,
			);
			name = Frameworks;
			sourceTree = "<group>";
		};
		99E3E904C582378B3623BC8B /* Pods */ = {
			isa = PBXGroup;
			children = (
				9A7807873151753E12F6833B /* Pods-ShakhAssignment.debug.xcconfig */,
				B219EDA2C733D71697860EB1 /* Pods-ShakhAssignment.release.xcconfig */,
			);
			path = Pods;
			sourceTree = "<group>";
		};
		F723931D2C5DF4A300549208 = {
			isa = PBXGroup;
			children = (
				F72393282C5DF4A300549208 /* ShakhAssignment */,
				F72393272C5DF4A300549208 /* Products */,
				99E3E904C582378B3623BC8B /* Pods */,
				039023A9C4F153E163E042C0 /* Frameworks */,
			);
			sourceTree = "<group>";
		};
		F72393272C5DF4A300549208 /* Products */ = {
			isa = PBXGroup;
			children = (
				F72393262C5DF4A300549208 /* ShakhAssignment.app */,
			);
			name = Products;
			sourceTree = "<group>";
		};
		F72393282C5DF4A300549208 /* ShakhAssignment */ = {
			isa = PBXGroup;
			children = (
				F72393292C5DF4A300549208 /* AppDelegate.swift */,
				F723932B2C5DF4A300549208 /* SceneDelegate.swift */,
				F723932D2C5DF4A300549208 /* ViewController.swift */,
				F72393472C5DFBC000549208 /* CollectionCells */,
				F72393462C5DFBA800549208 /* TableCells */,
				F72393432C5DF59C00549208 /* ViewModel */,
				F72393402C5DF52900549208 /* Model */,
				F723933D2C5DF4C500549208 /* JsonFiles */,
				F723932F2C5DF4A300549208 /* Main.storyboard */,
				F72393322C5DF4A400549208 /* Assets.xcassets */,
				F72393342C5DF4A400549208 /* LaunchScreen.storyboard */,
				F72393372C5DF4A400549208 /* Info.plist */,
			);
			path = ShakhAssignment;
			sourceTree = "<group>";
		};
		F723933D2C5DF4C500549208 /* JsonFiles */ = {
			isa = PBXGroup;
			children = (
				F723933E2C5DF4DC00549208 /* reels.json */,
			);
			path = JsonFiles;
			sourceTree = "<group>";
		};
		F72393402C5DF52900549208 /* Model */ = {
			isa = PBXGroup;
			children = (
				F72393412C5DF54A00549208 /* ReelModel.swift */,
			);
			path = Model;
			sourceTree = "<group>";
		};
		F72393432C5DF59C00549208 /* ViewModel */ = {
			isa = PBXGroup;
			children = (
				F72393442C5DF5B200549208 /* ReelViewModel.swift */,
			);
			path = ViewModel;
			sourceTree = "<group>";
		};
		F72393462C5DFBA800549208 /* TableCells */ = {
			isa = PBXGroup;
			children = (
				F72393482C5DFBE400549208 /* GridCell.swift */,
				F72393492C5DFBE400549208 /* GridCell.xib */,
			);
			path = TableCells;
			sourceTree = "<group>";
		};
		F72393472C5DFBC000549208 /* CollectionCells */ = {
			isa = PBXGroup;
			children = (
				F723934C2C5DFC7800549208 /* videoCell.swift */,
				F723934D2C5DFC7800549208 /* videoCell.xib */,
			);
			path = CollectionCells;
			sourceTree = "<group>";
		};
/* End PBXGroup section */

/* Begin PBXNativeTarget section */
		F72393252C5DF4A300549208 /* ShakhAssignment */ = {
			isa = PBXNativeTarget;
			buildConfigurationList = F723933A2C5DF4A400549208 /* Build configuration list for PBXNativeTarget "ShakhAssignment" */;
			buildPhases = (
				B2A4FAEC34CE9930B50A6C03 /* [CP] Check Pods Manifest.lock */,
				F72393222C5DF4A300549208 /* Sources */,
				F72393232C5DF4A300549208 /* Frameworks */,
				F72393242C5DF4A300549208 /* Resources */,
				BCC04807D7B50283ECF005E4 /* [CP] Embed Pods Frameworks */,
			);
			buildRules = (
			);
			dependencies = (
			);
			name = ShakhAssignment;
			productName = ShakhAssignment;
			productReference = F72393262C5DF4A300549208 /* ShakhAssignment.app */;
			productType = "com.apple.product-type.application";
		};
/* End PBXNativeTarget section */

/* Begin PBXProject section */
		F723931E2C5DF4A300549208 /* Project object */ = {
			isa = PBXProject;
			attributes = {
				BuildIndependentTargetsInParallel = 1;
				LastSwiftUpdateCheck = 1520;
				LastUpgradeCheck = 1520;
				TargetAttributes = {
					F72393252C5DF4A300549208 = {
						CreatedOnToolsVersion = 15.2;
					};
				};
			};
			buildConfigurationList = F72393212C5DF4A300549208 /* Build configuration list for PBXProject "ShakhAssignment" */;
			compatibilityVersion = "Xcode 14.0";
			developmentRegion = en;
			hasScannedForEncodings = 0;
			knownRegions = (
				en,
				Base,
			);
			mainGroup = F723931D2C5DF4A300549208;
			productRefGroup = F72393272C5DF4A300549208 /* Products */;
			projectDirPath = "";
			projectRoot = "";
			targets = (
				F72393252C5DF4A300549208 /* ShakhAssignment */,
			);
		};
/* End PBXProject section */

/* Begin PBXResourcesBuildPhase section */
		F72393242C5DF4A300549208 /* Resources */ = {
			isa = PBXResourcesBuildPhase;
			buildActionMask = 2147483647;
			files = (
				F72393362C5DF4A400549208 /* LaunchScreen.storyboard in Resources */,
				F723934B2C5DFBE400549208 /* GridCell.xib in Resources */,
				F723933F2C5DF4DC00549208 /* reels.json in Resources */,
				F72393332C5DF4A400549208 /* Assets.xcassets in Resources */,
				F72393312C5DF4A300549208 /* Main.storyboard in Resources */,
				F723934F2C5DFC7800549208 /* videoCell.xib in Resources */,
			);
			runOnlyForDeploymentPostprocessing = 0;
		};
/* End PBXResourcesBuildPhase section */

/* Begin PBXShellScriptBuildPhase section */
		B2A4FAEC34CE9930B50A6C03 /* [CP] Check Pods Manifest.lock */ = {
			isa = PBXShellScriptBuildPhase;
			buildActionMask = 2147483647;
			files = (
			);
			inputFileListPaths = (
			);
			inputPaths = (
				"${PODS_PODFILE_DIR_PATH}/Podfile.lock",
				"${PODS_ROOT}/Manifest.lock",
			);
			name = "[CP] Check Pods Manifest.lock";
			outputFileListPaths = (
			);
			outputPaths = (
				"$(DERIVED_FILE_DIR)/Pods-ShakhAssignment-checkManifestLockResult.txt",
			);
			runOnlyForDeploymentPostprocessing = 0;
			shellPath = /bin/sh;
			shellScript = "diff \"${PODS_PODFILE_DIR_PATH}/Podfile.lock\" \"${PODS_ROOT}/Manifest.lock\" > /dev/null\nif [ $? != 0 ] ; then\n    # print error to STDERR\n    echo \"error: The sandbox is not in sync with the Podfile.lock. Run 'pod install' or update your CocoaPods installation.\" >&2\n    exit 1\nfi\n# This output is used by Xcode 'outputs' to avoid re-running this script phase.\necho \"SUCCESS\" > \"${SCRIPT_OUTPUT_FILE_0}\"\n";
			showEnvVarsInLog = 0;
		};
		BCC04807D7B50283ECF005E4 /* [CP] Embed Pods Frameworks */ = {
			isa = PBXShellScriptBuildPhase;
			buildActionMask = 2147483647;
			files = (
			);
			inputFileListPaths = (
				"${PODS_ROOT}/Target Support Files/Pods-ShakhAssignment/Pods-ShakhAssignment-frameworks-${CONFIGURATION}-input-files.xcfilelist",
			);
			name = "[CP] Embed Pods Frameworks";
			outputFileListPaths = (
				"${PODS_ROOT}/Target Support Files/Pods-ShakhAssignment/Pods-ShakhAssignment-frameworks-${CONFIGURATION}-output-files.xcfilelist",
			);
			runOnlyForDeploymentPostprocessing = 0;
			shellPath = /bin/sh;
			shellScript = "\"${PODS_ROOT}/Target Support Files/Pods-ShakhAssignment/Pods-ShakhAssignment-frameworks.sh\"\n";
			showEnvVarsInLog = 0;
		};
/* End PBXShellScriptBuildPhase section */

/* Begin PBXSourcesBuildPhase section */
		F72393222C5DF4A300549208 /* Sources */ = {
			isa = PBXSourcesBuildPhase;
			buildActionMask = 2147483647;
			files = (
				F723934E2C5DFC7800549208 /* videoCell.swift in Sources */,
				F72393452C5DF5B200549208 /* ReelViewModel.swift in Sources */,
				F723932E2C5DF4A300549208 /* ViewController.swift in Sources */,
				F723932A2C5DF4A300549208 /* AppDelegate.swift in Sources */,
				F723932C2C5DF4A300549208 /* SceneDelegate.swift in Sources */,
				F72393422C5DF54A00549208 /* ReelModel.swift in Sources */,
				F723934A2C5DFBE400549208 /* GridCell.swift in Sources */,
			);
			runOnlyForDeploymentPostprocessing = 0;
		};
/* End PBXSourcesBuildPhase section */

/* Begin PBXVariantGroup section */
		F723932F2C5DF4A300549208 /* Main.storyboard */ = {
			isa = PBXVariantGroup;
			children = (
				F72393302C5DF4A300549208 /* Base */,
			);
			name = Main.storyboard;
			sourceTree = "<group>";
		};
		F72393342C5DF4A400549208 /* LaunchScreen.storyboard */ = {
			isa = PBXVariantGroup;
			children = (
				F72393352C5DF4A400549208 /* Base */,
			);
			name = LaunchScreen.storyboard;
			sourceTree = "<group>";
		};
/* End PBXVariantGroup section */

/* Begin XCBuildConfiguration section */
		F72393382C5DF4A400549208 /* Debug */ = {
			isa = XCBuildConfiguration;
			buildSettings = {
				ALWAYS_SEARCH_USER_PATHS = NO;
				ASSETCATALOG_COMPILER_GENERATE_SWIFT_ASSET_SYMBOL_EXTENSIONS = YES;
				CLANG_ANALYZER_NONNULL = YES;
				CLANG_ANALYZER_NUMBER_OBJECT_CONVERSION = YES_AGGRESSIVE;
				CLANG_CXX_LANGUAGE_STANDARD = "gnu++20";
				CLANG_ENABLE_MODULES = YES;
				CLANG_ENABLE_OBJC_ARC = YES;
				CLANG_ENABLE_OBJC_WEAK = YES;
				CLANG_WARN_BLOCK_CAPTURE_AUTORELEASING = YES;
				CLANG_WARN_BOOL_CONVERSION = YES;
				CLANG_WARN_COMMA = YES;
				CLANG_WARN_CONSTANT_CONVERSION = YES;
				CLANG_WARN_DEPRECATED_OBJC_IMPLEMENTATIONS = YES;
				CLANG_WARN_DIRECT_OBJC_ISA_USAGE = YES_ERROR;
				CLANG_WARN_DOCUMENTATION_COMMENTS = YES;
				CLANG_WARN_EMPTY_BODY = YES;
				CLANG_WARN_ENUM_CONVERSION = YES;
				CLANG_WARN_INFINITE_RECURSION = YES;
				CLANG_WARN_INT_CONVERSION = YES;
				CLANG_WARN_NON_LITERAL_NULL_CONVERSION = YES;
				CLANG_WARN_OBJC_IMPLICIT_RETAIN_SELF = YES;
				CLANG_WARN_OBJC_LITERAL_CONVERSION = YES;
				CLANG_WARN_OBJC_ROOT_CLASS = YES_ERROR;
				CLANG_WARN_QUOTED_INCLUDE_IN_FRAMEWORK_HEADER = YES;
				CLANG_WARN_RANGE_LOOP_ANALYSIS = YES;
				CLANG_WARN_STRICT_PROTOTYPES = YES;
				CLANG_WARN_SUSPICIOUS_MOVE = YES;
				CLANG_WARN_UNGUARDED_AVAILABILITY = YES_AGGRESSIVE;
				CLANG_WARN_UNREACHABLE_CODE = YES;
				CLANG_WARN__DUPLICATE_METHOD_MATCH = YES;
				COPY_PHASE_STRIP = NO;
				DEBUG_INFORMATION_FORMAT = dwarf;
				ENABLE_STRICT_OBJC_MSGSEND = YES;
				ENABLE_TESTABILITY = YES;
				ENABLE_USER_SCRIPT_SANDBOXING = YES;
				GCC_C_LANGUAGE_STANDARD = gnu17;
				GCC_DYNAMIC_NO_PIC = NO;
				GCC_NO_COMMON_BLOCKS = YES;
				GCC_OPTIMIZATION_LEVEL = 0;
				GCC_PREPROCESSOR_DEFINITIONS = (
					"DEBUG=1",
					"$(inherited)",
				);
				GCC_WARN_64_TO_32_BIT_CONVERSION = YES;
				GCC_WARN_ABOUT_RETURN_TYPE = YES_ERROR;
				GCC_WARN_UNDECLARED_SELECTOR = YES;
				GCC_WARN_UNINITIALIZED_AUTOS = YES_AGGRESSIVE;
				GCC_WARN_UNUSED_FUNCTION = YES;
				GCC_WARN_UNUSED_VARIABLE = YES;
				IPHONEOS_DEPLOYMENT_TARGET = 17.2;
				LOCALIZATION_PREFERS_STRING_CATALOGS = YES;
				MTL_ENABLE_DEBUG_INFO = INCLUDE_SOURCE;
				MTL_FAST_MATH = YES;
				ONLY_ACTIVE_ARCH = YES;
				SDKROOT = iphoneos;
				SWIFT_ACTIVE_COMPILATION_CONDITIONS = "DEBUG $(inherited)";
				SWIFT_OPTIMIZATION_LEVEL = "-Onone";
			};
			name = Debug;
		};
		F72393392C5DF4A400549208 /* Release */ = {
			isa = XCBuildConfiguration;
			buildSettings = {
				ALWAYS_SEARCH_USER_PATHS = NO;
				ASSETCATALOG_COMPILER_GENERATE_SWIFT_ASSET_SYMBOL_EXTENSIONS = YES;
				CLANG_ANALYZER_NONNULL = YES;
				CLANG_ANALYZER_NUMBER_OBJECT_CONVERSION = YES_AGGRESSIVE;
				CLANG_CXX_LANGUAGE_STANDARD = "gnu++20";
				CLANG_ENABLE_MODULES = YES;
				CLANG_ENABLE_OBJC_ARC = YES;
				CLANG_ENABLE_OBJC_WEAK = YES;
				CLANG_WARN_BLOCK_CAPTURE_AUTORELEASING = YES;
				CLANG_WARN_BOOL_CONVERSION = YES;
				CLANG_WARN_COMMA = YES;
				CLANG_WARN_CONSTANT_CONVERSION = YES;
				CLANG_WARN_DEPRECATED_OBJC_IMPLEMENTATIONS = YES;
				CLANG_WARN_DIRECT_OBJC_ISA_USAGE = YES_ERROR;
				CLANG_WARN_DOCUMENTATION_COMMENTS = YES;
				CLANG_WARN_EMPTY_BODY = YES;
				CLANG_WARN_ENUM_CONVERSION = YES;
				CLANG_WARN_INFINITE_RECURSION = YES;
				CLANG_WARN_INT_CONVERSION = YES;
				CLANG_WARN_NON_LITERAL_NULL_CONVERSION = YES;
				CLANG_WARN_OBJC_IMPLICIT_RETAIN_SELF = YES;
				CLANG_WARN_OBJC_LITERAL_CONVERSION = YES;
				CLANG_WARN_OBJC_ROOT_CLASS = YES_ERROR;
				CLANG_WARN_QUOTED_INCLUDE_IN_FRAMEWORK_HEADER = YES;
				CLANG_WARN_RANGE_LOOP_ANALYSIS = YES;
				CLANG_WARN_STRICT_PROTOTYPES = YES;
				CLANG_WARN_SUSPICIOUS_MOVE = YES;
				CLANG_WARN_UNGUARDED_AVAILABILITY = YES_AGGRESSIVE;
				CLANG_WARN_UNREACHABLE_CODE = YES;
				CLANG_WARN__DUPLICATE_METHOD_MATCH = YES;
				COPY_PHASE_STRIP = NO;
				DEBUG_INFORMATION_FORMAT = "dwarf-with-dsym";
				ENABLE_NS_ASSERTIONS = NO;
				ENABLE_STRICT_OBJC_MSGSEND = YES;
				ENABLE_USER_SCRIPT_SANDBOXING = YES;
				GCC_C_LANGUAGE_STANDARD = gnu17;
				GCC_NO_COMMON_BLOCKS = YES;
				GCC_WARN_64_TO_32_BIT_CONVERSION = YES;
				GCC_WARN_ABOUT_RETURN_TYPE = YES_ERROR;
				GCC_WARN_UNDECLARED_SELECTOR = YES;
				GCC_WARN_UNINITIALIZED_AUTOS = YES_AGGRESSIVE;
				GCC_WARN_UNUSED_FUNCTION = YES;
				GCC_WARN_UNUSED_VARIABLE = YES;
				IPHONEOS_DEPLOYMENT_TARGET = 17.2;
				LOCALIZATION_PREFERS_STRING_CATALOGS = YES;
				MTL_ENABLE_DEBUG_INFO = NO;
				MTL_FAST_MATH = YES;
				SDKROOT = iphoneos;
				SWIFT_COMPILATION_MODE = wholemodule;
				VALIDATE_PRODUCT = YES;
			};
			name = Release;
		};
		F723933B2C5DF4A400549208 /* Debug */ = {
			isa = XCBuildConfiguration;
			baseConfigurationReference = 9A7807873151753E12F6833B /* Pods-ShakhAssignment.debug.xcconfig */;
			buildSettings = {
				ASSETCATALOG_COMPILER_APPICON_NAME = AppIcon;
				ASSETCATALOG_COMPILER_GLOBAL_ACCENT_COLOR_NAME = AccentColor;
				CODE_SIGN_STYLE = Automatic;
				CURRENT_PROJECT_VERSION = 1;
				DEVELOPMENT_TEAM = XZS489Z575;
				ENABLE_USER_SCRIPT_SANDBOXING = NO;
				GENERATE_INFOPLIST_FILE = YES;
				INFOPLIST_FILE = ShakhAssignment/Info.plist;
				INFOPLIST_KEY_UIApplicationSupportsIndirectInputEvents = YES;
				INFOPLIST_KEY_UILaunchStoryboardName = LaunchScreen;
				INFOPLIST_KEY_UIMainStoryboardFile = Main;
				INFOPLIST_KEY_UISupportedInterfaceOrientations_iPad = "UIInterfaceOrientationPortrait UIInterfaceOrientationPortraitUpsideDown UIInterfaceOrientationLandscapeLeft UIInterfaceOrientationLandscapeRight";
				INFOPLIST_KEY_UISupportedInterfaceOrientations_iPhone = "UIInterfaceOrientationPortrait UIInterfaceOrientationLandscapeLeft UIInterfaceOrientationLandscapeRight";
				LD_RUNPATH_SEARCH_PATHS = (
					"$(inherited)",
					"@executable_path/Frameworks",
				);
				MARKETING_VERSION = 1.0;
				PRODUCT_BUNDLE_IDENTIFIER = com.project.ShakhAssignment;
				PRODUCT_NAME = "$(TARGET_NAME)";
				SWIFT_EMIT_LOC_STRINGS = YES;
				SWIFT_VERSION = 5.0;
				TARGETED_DEVICE_FAMILY = "1,2";
			};
			name = Debug;
		};
		F723933C2C5DF4A400549208 /* Release */ = {
			isa = XCBuildConfiguration;
			baseConfigurationReference = B219EDA2C733D71697860EB1 /* Pods-ShakhAssignment.release.xcconfig */;
			buildSettings = {
				ASSETCATALOG_COMPILER_APPICON_NAME = AppIcon;
				ASSETCATALOG_COMPILER_GLOBAL_ACCENT_COLOR_NAME = AccentColor;
				CODE_SIGN_STYLE = Automatic;
				CURRENT_PROJECT_VERSION = 1;
				DEVELOPMENT_TEAM = XZS489Z575;
				ENABLE_USER_SCRIPT_SANDBOXING = NO;
				GENERATE_INFOPLIST_FILE = YES;
				INFOPLIST_FILE = ShakhAssignment/Info.plist;
				INFOPLIST_KEY_UIApplicationSupportsIndirectInputEvents = YES;
				INFOPLIST_KEY_UILaunchStoryboardName = LaunchScreen;
				INFOPLIST_KEY_UIMainStoryboardFile = Main;
				INFOPLIST_KEY_UISupportedInterfaceOrientations_iPad = "UIInterfaceOrientationPortrait UIInterfaceOrientationPortraitUpsideDown UIInterfaceOrientationLandscapeLeft UIInterfaceOrientationLandscapeRight";
				INFOPLIST_KEY_UISupportedInterfaceOrientations_iPhone = "UIInterfaceOrientationPortrait UIInterfaceOrientationLandscapeLeft UIInterfaceOrientationLandscapeRight";
				LD_RUNPATH_SEARCH_PATHS = (
					"$(inherited)",
					"@executable_path/Frameworks",
				);
				MARKETING_VERSION = 1.0;
				PRODUCT_BUNDLE_IDENTIFIER = com.project.ShakhAssignment;
				PRODUCT_NAME = "$(TARGET_NAME)";
				SWIFT_EMIT_LOC_STRINGS = YES;
				SWIFT_VERSION = 5.0;
				TARGETED_DEVICE_FAMILY = "1,2";
			};
			name = Release;
		};
/* End XCBuildConfiguration section */

/* Begin XCConfigurationList section */
		F72393212C5DF4A300549208 /* Build configuration list for PBXProject "ShakhAssignment" */ = {
			isa = XCConfigurationList;
			buildConfigurations = (
				F72393382C5DF4A400549208 /* Debug */,
				F72393392C5DF4A400549208 /* Release */,
			);
			defaultConfigurationIsVisible = 0;
			defaultConfigurationName = Release;
		};
		F723933A2C5DF4A400549208 /* Build configuration list for PBXNativeTarget "ShakhAssignment" */ = {
			isa = XCConfigurationList;
			buildConfigurations = (
				F723933B2C5DF4A400549208 /* Debug */,
				F723933C2C5DF4A400549208 /* Release */,
			);
			defaultConfigurationIsVisible = 0;
			defaultConfigurationName = Release;
		};
/* End XCConfigurationList section */
	};
	rootObject = F723931E2C5DF4A300549208 /* Project object */;
}
